
Microsoft Visual Studio Solution File, Format Version 12.00
# Visual Studio Version 17
VisualStudioVersion = 17.9.34728.123
MinimumVisualStudioVersion = 10.0.40219.1
Project("{FAE04EC0-301F-11D3-BF4B-00C04F79EFBC}") = "demo-api", "demo-api\demo-api.csproj", "{731E9B7D-3EFC-4ED7-BC0F-11D38A91F8CC}"
EndProject
Global
	GlobalSection(SolutionConfigurationPlatforms) = preSolution
		Debug|Any CPU = Debug|Any CPU
		Release|Any CPU = Release|Any CPU
	EndGlobalSection
	GlobalSection(ProjectConfigurationPlatforms) = postSolution
		{731E9B7D-3EFC-4ED7-BC0F-11D38A91F8CC}.Debug|Any CPU.ActiveCfg = Debug|Any CPU
		{731E9B7D-3EFC-4ED7-BC0F-11D38A91F8CC}.Debug|Any CPU.Build.0 = Debug|Any CPU
		{731E9B7D-3EFC-4ED7-BC0F-11D38A91F8CC}.Release|Any CPU.ActiveCfg = Release|Any CPU
		{731E9B7D-3EFC-4ED7-BC0F-11D38A91F8CC}.Release|Any CPU.Build.0 = Release|Any CPU
	EndGlobalSection
	GlobalSection(SolutionProperties) = preSolution
		HideSolutionNode = FALSE
	EndGlobalSection
	GlobalSection(ExtensibilityGlobals) = postSolution
		SolutionGuid = {0B6AB6EE-B067-4C9F-B87C-C7025F4461DC}
	EndGlobalSection
EndGlobal
